
Microsoft Visual Studio Solution File, Format Version 12.00
# Visual Studio Version 17
VisualStudioVersion = 17.1.32210.238
MinimumVisualStudioVersion = 10.0.40219.1
Project("{9A19103F-16F7-4668-BE54-9A1E7A4F7556}") = "Lizard", "Lizard\Lizard.csproj", "{18BBD9B4-2136-4F62-89BB-9FD4098872B2}"
EndProject
Project("{9A19103F-16F7-4668-BE54-9A1E7A4F7556}") = "LizardMSTest", "LizardMSTest\LizardMSTest.csproj", "{38CE662F-CD49-462E-B78D-152426EA831F}"
EndProject
Project("{9A19103F-16F7-4668-BE54-9A1E7A4F7556}") = "LizardNUnitTest", "LizardNUnitTest\LizardNUnitTest.csproj", "{37844E87-0315-4D25-AC29-D240C911821D}"
EndProject
Project("{FAE04EC0-301F-11D3-BF4B-00C04F79EFBC}") = "LizardXUnit", "LizardXUnit\LizardXUnit.csproj", "{D07F9B08-EDF2-4DF5-83A3-B68495387C9C}"
EndProject
Global
	GlobalSection(SolutionConfigurationPlatforms) = preSolution
		Debug|Any CPU = Debug|Any CPU
		Release|Any CPU = Release|Any CPU
	EndGlobalSection
	GlobalSection(ProjectConfigurationPlatforms) = postSolution
		{18BBD9B4-2136-4F62-89BB-9FD4098872B2}.Debug|Any CPU.ActiveCfg = Debug|Any CPU
		{18BBD9B4-2136-4F62-89BB-9FD4098872B2}.Debug|Any CPU.Build.0 = Debug|Any CPU
		{18BBD9B4-2136-4F62-89BB-9FD4098872B2}.Release|Any CPU.ActiveCfg = Release|Any CPU
		{18BBD9B4-2136-4F62-89BB-9FD4098872B2}.Release|Any CPU.Build.0 = Release|Any CPU
		{38CE662F-CD49-462E-B78D-152426EA831F}.Debug|Any CPU.ActiveCfg = Debug|Any CPU
		{38CE662F-CD49-462E-B78D-152426EA831F}.Debug|Any CPU.Build.0 = Debug|Any CPU
		{38CE662F-CD49-462E-B78D-152426EA831F}.Release|Any CPU.ActiveCfg = Release|Any CPU
		{38CE662F-CD49-462E-B78D-152426EA831F}.Release|Any CPU.Build.0 = Release|Any CPU
		{37844E87-0315-4D25-AC29-D240C911821D}.Debug|Any CPU.ActiveCfg = Debug|Any CPU
		{37844E87-0315-4D25-AC29-D240C911821D}.Debug|Any CPU.Build.0 = Debug|Any CPU
		{37844E87-0315-4D25-AC29-D240C911821D}.Release|Any CPU.ActiveCfg = Release|Any CPU
		{37844E87-0315-4D25-AC29-D240C911821D}.Release|Any CPU.Build.0 = Release|Any CPU
		{D07F9B08-EDF2-4DF5-83A3-B68495387C9C}.Debug|Any CPU.ActiveCfg = Debug|Any CPU
		{D07F9B08-EDF2-4DF5-83A3-B68495387C9C}.Debug|Any CPU.Build.0 = Debug|Any CPU
		{D07F9B08-EDF2-4DF5-83A3-B68495387C9C}.Release|Any CPU.ActiveCfg = Release|Any CPU
		{D07F9B08-EDF2-4DF5-83A3-B68495387C9C}.Release|Any CPU.Build.0 = Release|Any CPU
	EndGlobalSection
	GlobalSection(SolutionProperties) = preSolution
		HideSolutionNode = FALSE
	EndGlobalSection
	GlobalSection(ExtensibilityGlobals) = postSolution
		SolutionGuid = {E24326DA-05D7-4011-8797-87C808964E02}
	EndGlobalSection
EndGlobal
